
Microsoft Visual Studio Solution File, Format Version 12.00
# Visual Studio Version 16
VisualStudioVersion = 16.0.29613.14
MinimumVisualStudioVersion = 10.0.40219.1
Project("{9A19103F-16F7-4668-BE54-9A1E7A4F7556}") = "Assignment2", "Assignment2\Assignment2.csproj", "{B80C1FF7-14C3-4FB2-8650-181F4472AEE4}"
EndProject
Project("{9A19103F-16F7-4668-BE54-9A1E7A4F7556}") = "WebApi", "WebApi\WebApi\WebApi.csproj", "{067442BC-6BA8-4BC6-8C6E-BFA76E209CF8}"
EndProject
Global
	GlobalSection(SolutionConfigurationPlatforms) = preSolution
		Debug|Any CPU = Debug|Any CPU
		Release|Any CPU = Release|Any CPU
	EndGlobalSection
	GlobalSection(ProjectConfigurationPlatforms) = postSolution
		{B80C1FF7-14C3-4FB2-8650-181F4472AEE4}.Debug|Any CPU.ActiveCfg = Debug|Any CPU
		{B80C1FF7-14C3-4FB2-8650-181F4472AEE4}.Debug|Any CPU.Build.0 = Debug|Any CPU
		{B80C1FF7-14C3-4FB2-8650-181F4472AEE4}.Release|Any CPU.ActiveCfg = Release|Any CPU
		{B80C1FF7-14C3-4FB2-8650-181F4472AEE4}.Release|Any CPU.Build.0 = Release|Any CPU
		{067442BC-6BA8-4BC6-8C6E-BFA76E209CF8}.Debug|Any CPU.ActiveCfg = Debug|Any CPU
		{067442BC-6BA8-4BC6-8C6E-BFA76E209CF8}.Debug|Any CPU.Build.0 = Debug|Any CPU
		{067442BC-6BA8-4BC6-8C6E-BFA76E209CF8}.Release|Any CPU.ActiveCfg = Release|Any CPU
		{067442BC-6BA8-4BC6-8C6E-BFA76E209CF8}.Release|Any CPU.Build.0 = Release|Any CPU
	EndGlobalSection
	GlobalSection(SolutionProperties) = preSolution
		HideSolutionNode = FALSE
	EndGlobalSection
	GlobalSection(ExtensibilityGlobals) = postSolution
		SolutionGuid = {520BBDA0-1B2C-4E61-808F-0D1EA7E9B02B}
	EndGlobalSection
EndGlobal
